
Microsoft Visual Studio Solution File, Format Version 12.00
# Visual Studio Version 17
VisualStudioVersion = 17.5.002.0
MinimumVisualStudioVersion = 10.0.40219.1
Project("{9A19103F-16F7-4668-BE54-9A1E7A4F7556}") = "backgammonAPI", "backgammonAPI\backgammonAPI.csproj", "{3E8E6546-97F5-4CC1-AF74-E7728344E5F1}"
EndProject
Global
	GlobalSection(SolutionConfigurationPlatforms) = preSolution
		Debug|Any CPU = Debug|Any CPU
		Release|Any CPU = Release|Any CPU
	EndGlobalSection
	GlobalSection(ProjectConfigurationPlatforms) = postSolution
		{3E8E6546-97F5-4CC1-AF74-E7728344E5F1}.Debug|Any CPU.ActiveCfg = Debug|Any CPU
		{3E8E6546-97F5-4CC1-AF74-E7728344E5F1}.Debug|Any CPU.Build.0 = Debug|Any CPU
		{3E8E6546-97F5-4CC1-AF74-E7728344E5F1}.Release|Any CPU.ActiveCfg = Release|Any CPU
		{3E8E6546-97F5-4CC1-AF74-E7728344E5F1}.Release|Any CPU.Build.0 = Release|Any CPU
	EndGlobalSection
	GlobalSection(SolutionProperties) = preSolution
		HideSolutionNode = FALSE
	EndGlobalSection
	GlobalSection(ExtensibilityGlobals) = postSolution
		SolutionGuid = {5FE26383-6A0E-4C33-87D7-1FAB8FBA6C30}
	EndGlobalSection
EndGlobal
